
Microsoft Visual Studio Solution File, Format Version 11.00
# Visual Studio 2010
Project("{FAE04EC0-301F-11D3-BF4B-00C04F79EFBC}") = "zpd", "zpd.csproj", "{70D72316-DF9A-4EB7-9129-561929216ACF}"
EndProject
Project("{FAE04EC0-301F-11D3-BF4B-00C04F79EFBC}") = "ZuneApi", "..\ZuneApi\ZuneApi.csproj", "{EC7553A4-D88C-4E64-A25C-EFCC118EF4FF}"
EndProject
Project("{FAE04EC0-301F-11D3-BF4B-00C04F79EFBC}") = "TestingClient", "..\TestingClient\TestingClient.csproj", "{F0889DFB-C2C7-4E10-8B7F-ACD7FBDAF98F}"
EndProject
Project("{FAE04EC0-301F-11D3-BF4B-00C04F79EFBC}") = "PhoneAdminClient", "..\PhoneAdminClient\PhoneAdminClient.csproj", "{52E17D93-018B-4418-B93B-07E6CDB940E8}"
EndProject
Project("{FAE04EC0-301F-11D3-BF4B-00C04F79EFBC}") = "ZpdContract", "..\ZpdContract\ZpdContract.csproj", "{C2B45BA7-9056-4993-9073-118BE99F3BB3}"
EndProject
Project("{FAE04EC0-301F-11D3-BF4B-00C04F79EFBC}") = "ZpdClientProxy", "..\ZpdClientProxy\ZpdClientProxy.csproj", "{FBFFA59C-9297-48ED-A3BB-29FB4CEB9EFC}"
EndProject
Project("{FAE04EC0-301F-11D3-BF4B-00C04F79EFBC}") = "ZpdWebClient", "..\ZpdWebClient\ZpdWebClient.csproj", "{E32C9F6F-1E8A-46DC-9C06-DD8E20730D87}"
EndProject
Global
	GlobalSection(SolutionConfigurationPlatforms) = preSolution
		Debug|Any CPU = Debug|Any CPU
		Debug|Mixed Platforms = Debug|Mixed Platforms
		Debug|x86 = Debug|x86
		Release|Any CPU = Release|Any CPU
		Release|Mixed Platforms = Release|Mixed Platforms
		Release|x86 = Release|x86
	EndGlobalSection
	GlobalSection(ProjectConfigurationPlatforms) = postSolution
		{70D72316-DF9A-4EB7-9129-561929216ACF}.Debug|Any CPU.ActiveCfg = Debug|x86
		{70D72316-DF9A-4EB7-9129-561929216ACF}.Debug|Mixed Platforms.ActiveCfg = Debug|x86
		{70D72316-DF9A-4EB7-9129-561929216ACF}.Debug|Mixed Platforms.Build.0 = Debug|x86
		{70D72316-DF9A-4EB7-9129-561929216ACF}.Debug|x86.ActiveCfg = Debug|x86
		{70D72316-DF9A-4EB7-9129-561929216ACF}.Debug|x86.Build.0 = Debug|x86
		{70D72316-DF9A-4EB7-9129-561929216ACF}.Release|Any CPU.ActiveCfg = Release|x86
		{70D72316-DF9A-4EB7-9129-561929216ACF}.Release|Mixed Platforms.ActiveCfg = Release|x86
		{70D72316-DF9A-4EB7-9129-561929216ACF}.Release|Mixed Platforms.Build.0 = Release|x86
		{70D72316-DF9A-4EB7-9129-561929216ACF}.Release|x86.ActiveCfg = Release|x86
		{70D72316-DF9A-4EB7-9129-561929216ACF}.Release|x86.Build.0 = Release|x86
		{EC7553A4-D88C-4E64-A25C-EFCC118EF4FF}.Debug|Any CPU.ActiveCfg = Debug|Any CPU
		{EC7553A4-D88C-4E64-A25C-EFCC118EF4FF}.Debug|Any CPU.Build.0 = Debug|Any CPU
		{EC7553A4-D88C-4E64-A25C-EFCC118EF4FF}.Debug|Mixed Platforms.ActiveCfg = Debug|Any CPU
		{EC7553A4-D88C-4E64-A25C-EFCC118EF4FF}.Debug|Mixed Platforms.Build.0 = Debug|Any CPU
		{EC7553A4-D88C-4E64-A25C-EFCC118EF4FF}.Debug|x86.ActiveCfg = Debug|Any CPU
		{EC7553A4-D88C-4E64-A25C-EFCC118EF4FF}.Release|Any CPU.ActiveCfg = Release|Any CPU
		{EC7553A4-D88C-4E64-A25C-EFCC118EF4FF}.Release|Any CPU.Build.0 = Release|Any CPU
		{EC7553A4-D88C-4E64-A25C-EFCC118EF4FF}.Release|Mixed Platforms.ActiveCfg = Release|Any CPU
		{EC7553A4-D88C-4E64-A25C-EFCC118EF4FF}.Release|Mixed Platforms.Build.0 = Release|Any CPU
		{EC7553A4-D88C-4E64-A25C-EFCC118EF4FF}.Release|x86.ActiveCfg = Release|Any CPU
		{F0889DFB-C2C7-4E10-8B7F-ACD7FBDAF98F}.Debug|Any CPU.ActiveCfg = Debug|x86
		{F0889DFB-C2C7-4E10-8B7F-ACD7FBDAF98F}.Debug|Mixed Platforms.ActiveCfg = Debug|x86
		{F0889DFB-C2C7-4E10-8B7F-ACD7FBDAF98F}.Debug|Mixed Platforms.Build.0 = Debug|x86
		{F0889DFB-C2C7-4E10-8B7F-ACD7FBDAF98F}.Debug|x86.ActiveCfg = Debug|x86
		{F0889DFB-C2C7-4E10-8B7F-ACD7FBDAF98F}.Debug|x86.Build.0 = Debug|x86
		{F0889DFB-C2C7-4E10-8B7F-ACD7FBDAF98F}.Release|Any CPU.ActiveCfg = Release|x86
		{F0889DFB-C2C7-4E10-8B7F-ACD7FBDAF98F}.Release|Mixed Platforms.ActiveCfg = Release|x86
		{F0889DFB-C2C7-4E10-8B7F-ACD7FBDAF98F}.Release|Mixed Platforms.Build.0 = Release|x86
		{F0889DFB-C2C7-4E10-8B7F-ACD7FBDAF98F}.Release|x86.ActiveCfg = Release|x86
		{F0889DFB-C2C7-4E10-8B7F-ACD7FBDAF98F}.Release|x86.Build.0 = Release|x86
		{52E17D93-018B-4418-B93B-07E6CDB940E8}.Debug|Any CPU.ActiveCfg = Debug|Any CPU
		{52E17D93-018B-4418-B93B-07E6CDB940E8}.Debug|Any CPU.Build.0 = Debug|Any CPU
		{52E17D93-018B-4418-B93B-07E6CDB940E8}.Debug|Any CPU.Deploy.0 = Debug|Any CPU
		{52E17D93-018B-4418-B93B-07E6CDB940E8}.Debug|Mixed Platforms.ActiveCfg = Debug|Any CPU
		{52E17D93-018B-4418-B93B-07E6CDB940E8}.Debug|Mixed Platforms.Build.0 = Debug|Any CPU
		{52E17D93-018B-4418-B93B-07E6CDB940E8}.Debug|Mixed Platforms.Deploy.0 = Debug|Any CPU
		{52E17D93-018B-4418-B93B-07E6CDB940E8}.Debug|x86.ActiveCfg = Debug|Any CPU
		{52E17D93-018B-4418-B93B-07E6CDB940E8}.Release|Any CPU.ActiveCfg = Release|Any CPU
		{52E17D93-018B-4418-B93B-07E6CDB940E8}.Release|Any CPU.Build.0 = Release|Any CPU
		{52E17D93-018B-4418-B93B-07E6CDB940E8}.Release|Any CPU.Deploy.0 = Release|Any CPU
		{52E17D93-018B-4418-B93B-07E6CDB940E8}.Release|Mixed Platforms.ActiveCfg = Release|Any CPU
		{52E17D93-018B-4418-B93B-07E6CDB940E8}.Release|Mixed Platforms.Build.0 = Release|Any CPU
		{52E17D93-018B-4418-B93B-07E6CDB940E8}.Release|Mixed Platforms.Deploy.0 = Release|Any CPU
		{52E17D93-018B-4418-B93B-07E6CDB940E8}.Release|x86.ActiveCfg = Release|Any CPU
		{C2B45BA7-9056-4993-9073-118BE99F3BB3}.Debug|Any CPU.ActiveCfg = Debug|Any CPU
		{C2B45BA7-9056-4993-9073-118BE99F3BB3}.Debug|Any CPU.Build.0 = Debug|Any CPU
		{C2B45BA7-9056-4993-9073-118BE99F3BB3}.Debug|Mixed Platforms.ActiveCfg = Debug|Any CPU
		{C2B45BA7-9056-4993-9073-118BE99F3BB3}.Debug|Mixed Platforms.Build.0 = Debug|Any CPU
		{C2B45BA7-9056-4993-9073-118BE99F3BB3}.Debug|x86.ActiveCfg = Debug|Any CPU
		{C2B45BA7-9056-4993-9073-118BE99F3BB3}.Release|Any CPU.ActiveCfg = Release|Any CPU
		{C2B45BA7-9056-4993-9073-118BE99F3BB3}.Release|Any CPU.Build.0 = Release|Any CPU
		{C2B45BA7-9056-4993-9073-118BE99F3BB3}.Release|Mixed Platforms.ActiveCfg = Release|Any CPU
		{C2B45BA7-9056-4993-9073-118BE99F3BB3}.Release|Mixed Platforms.Build.0 = Release|Any CPU
		{C2B45BA7-9056-4993-9073-118BE99F3BB3}.Release|x86.ActiveCfg = Release|Any CPU
		{FBFFA59C-9297-48ED-A3BB-29FB4CEB9EFC}.Debug|Any CPU.ActiveCfg = Debug|Any CPU
		{FBFFA59C-9297-48ED-A3BB-29FB4CEB9EFC}.Debug|Any CPU.Build.0 = Debug|Any CPU
		{FBFFA59C-9297-48ED-A3BB-29FB4CEB9EFC}.Debug|Mixed Platforms.ActiveCfg = Debug|Any CPU
		{FBFFA59C-9297-48ED-A3BB-29FB4CEB9EFC}.Debug|Mixed Platforms.Build.0 = Debug|Any CPU
		{FBFFA59C-9297-48ED-A3BB-29FB4CEB9EFC}.Debug|x86.ActiveCfg = Debug|Any CPU
		{FBFFA59C-9297-48ED-A3BB-29FB4CEB9EFC}.Release|Any CPU.ActiveCfg = Release|Any CPU
		{FBFFA59C-9297-48ED-A3BB-29FB4CEB9EFC}.Release|Any CPU.Build.0 = Release|Any CPU
		{FBFFA59C-9297-48ED-A3BB-29FB4CEB9EFC}.Release|Mixed Platforms.ActiveCfg = Release|Any CPU
		{FBFFA59C-9297-48ED-A3BB-29FB4CEB9EFC}.Release|Mixed Platforms.Build.0 = Release|Any CPU
		{FBFFA59C-9297-48ED-A3BB-29FB4CEB9EFC}.Release|x86.ActiveCfg = Release|Any CPU
		{E32C9F6F-1E8A-46DC-9C06-DD8E20730D87}.Debug|Any CPU.ActiveCfg = Debug|Any CPU
		{E32C9F6F-1E8A-46DC-9C06-DD8E20730D87}.Debug|Any CPU.Build.0 = Debug|Any CPU
		{E32C9F6F-1E8A-46DC-9C06-DD8E20730D87}.Debug|Mixed Platforms.ActiveCfg = Debug|Any CPU
		{E32C9F6F-1E8A-46DC-9C06-DD8E20730D87}.Debug|Mixed Platforms.Build.0 = Debug|Any CPU
		{E32C9F6F-1E8A-46DC-9C06-DD8E20730D87}.Debug|x86.ActiveCfg = Debug|Any CPU
		{E32C9F6F-1E8A-46DC-9C06-DD8E20730D87}.Release|Any CPU.ActiveCfg = Release|Any CPU
		{E32C9F6F-1E8A-46DC-9C06-DD8E20730D87}.Release|Any CPU.Build.0 = Release|Any CPU
		{E32C9F6F-1E8A-46DC-9C06-DD8E20730D87}.Release|Mixed Platforms.ActiveCfg = Release|Any CPU
		{E32C9F6F-1E8A-46DC-9C06-DD8E20730D87}.Release|Mixed Platforms.Build.0 = Release|Any CPU
		{E32C9F6F-1E8A-46DC-9C06-DD8E20730D87}.Release|x86.ActiveCfg = Release|Any CPU
	EndGlobalSection
	GlobalSection(SolutionProperties) = preSolution
		HideSolutionNode = FALSE
	EndGlobalSection
EndGlobal
